Microsoft Visual Studio Solution File, Format Version 12.00
# Visual Studio Version 17
VisualStudioVersion = 17.14.35906.104
MinimumVisualStudioVersion = 10.0.40219.1
Project("{FAE04EC0-301F-11D3-BF4B-00C04F79EFBC}") = "agrobot", "agrobot\agrobot.csproj", "{CFAC010C-065E-4A4C-A89B-B4332E77DDB5}"
EndProject
Global
	GlobalSection(SolutionConfigurationPlatforms) = preSolution
		Debug|Any CPU = Debug|Any CPU
		Release|Any CPU = Release|Any CPU
	EndGlobalSection
	GlobalSection(ProjectConfigurationPlatforms) = postSolution
		{CFAC010C-065E-4A4C-A89B-B4332E77DDB5}.Debug|Any CPU.ActiveCfg = Debug|Any CPU
		{CFAC010C-065E-4A4C-A89B-B4332E77DDB5}.Debug|Any CPU.Build.0 = Debug|Any CPU
		{CFAC010C-065E-4A4C-A89B-B4332E77DDB5}.Release|Any CPU.ActiveCfg = Release|Any CPU
		{CFAC010C-065E-4A4C-A89B-B4332E77DDB5}.Release|Any CPU.Build.0 = Release|Any CPU
	EndGlobalSection
	GlobalSection(SolutionProperties) = preSolution
		HideSolutionNode = FALSE
	EndGlobalSection
	GlobalSection(ExtensibilityGlobals) = postSolution
		SolutionGuid = {11C01619-50A3-4945-AD17-2A946A31CA97}
	EndGlobalSection
EndGlobal
